{
  "name": "test",
  "version": "1.0.0",
  "lockfileVersion": 2,
  "requires": true,
  "packages": {
    "": {
      "name": "test",
      "version": "1.0.0",
      "license": "ISC",
      "dependencies": {
        "klinecharts": "^8.6.3",
        "vue-i18n": "^8.20.0"
      },
      "devDependencies": {
        "browserslist": "^4.21.5",
        "caniuse-lite": "^1.0.30001466"
      }
    },
    "node_modules/browserslist": {
      "version": "4.21.5",
      "resolved": "https://registry.npmjs.org/browserslist/-/browserslist-4.21.5.tgz",
      "integrity": "sha512-tUkiguQGW7S3IhB7N+c2MV/HZPSCPAAiYBZXLsBhFB/PCy6ZKKsZrmBayHV9fdGV/ARIfJ14NkxKzRDjvp7L6w==",
      "dev": true,
      "funding": [
        {
          "type": "opencollective",
          "url": "https://opencollective.com/browserslist"
        },
        {
          "type": "tidelift",
          "url": "https://tidelift.com/funding/github/npm/browserslist"
        }
      ],
      "dependencies": {
        "caniuse-lite": "^1.0.30001449",
        "electron-to-chromium": "^1.4.284",
        "node-releases": "^2.0.8",
        "update-browserslist-db": "^1.0.10"
      },
      "bin": {
        "browserslist": "cli.js"
      },
      "engines": {
        "node": "^6 || ^7 || ^8 || ^9 || ^10 || ^11 || ^12 || >=13.7"
      }
    },
    "node_modules/caniuse-lite": {
      "version": "1.0.30001466",
      "resolved": "https://registry.npmjs.org/caniuse-lite/-/caniuse-lite-1.0.30001466.tgz",
      "integrity": "sha512-ewtFBSfWjEmxUgNBSZItFSmVtvk9zkwkl1OfRZlKA8slltRN+/C/tuGVrF9styXkN36Yu3+SeJ1qkXxDEyNZ5w==",
      "dev": true,
      "funding": [
        {
          "type": "opencollective",
          "url": "https://opencollective.com/browserslist"
        },
        {
          "type": "tidelift",
          "url": "https://tidelift.com/funding/github/npm/caniuse-lite"
        }
      ]
    },
    "node_modules/electron-to-chromium": {
      "version": "1.4.328",
      "resolved": "https://registry.npmjs.org/electron-to-chromium/-/electron-to-chromium-1.4.328.tgz",
      "integrity": "sha512-DE9tTy2PNmy1v55AZAO542ui+MLC2cvINMK4P2LXGsJdput/ThVG9t+QGecPuAZZSgC8XoI+Jh9M1OG9IoNSCw==",
      "dev": true
    },
    "node_modules/escalade": {
      "version": "3.1.1",
      "resolved": "https://registry.npmjs.org/escalade/-/escalade-3.1.1.tgz",
      "integrity": "sha512-k0er2gUkLf8O0zKJiAhmkTnJlTvINGv7ygDNPbeIsX/TJjGJZHuh9B2UxbsaEkmlEo9MfhrSzmhIlhRlI2GXnw==",
      "dev": true,
      "engines": {
        "node": ">=6"
      }
    },
    "node_modules/klinecharts": {
      "version": "8.6.3",
      "resolved": "https://registry.npmjs.org/klinecharts/-/klinecharts-8.6.3.tgz",
      "integrity": "sha512-hGDtWiMNywEDneZFmt+vZ6tOYutCDWV5FPBcXcn7L8kGwe73Q5yJayk8UzP9pIQSBWyxswWIySKh/BVFA6GhuQ=="
    },
    "node_modules/node-releases": {
      "version": "2.0.10",
      "resolved": "https://registry.npmjs.org/node-releases/-/node-releases-2.0.10.tgz",
      "integrity": "sha512-5GFldHPXVG/YZmFzJvKK2zDSzPKhEp0+ZR5SVaoSag9fsL5YgHbUHDfnG5494ISANDcK4KwPXAx2xqVEydmd7w==",
      "dev": true
    },
    "node_modules/picocolors": {
      "version": "1.0.0",
      "resolved": "https://registry.npmjs.org/picocolors/-/picocolors-1.0.0.tgz",
      "integrity": "sha512-1fygroTLlHu66zi26VoTDv8yRgm0Fccecssto+MhsZ0D/DGW2sm8E8AjW7NU5VVTRt5GxbeZ5qBuJr+HyLYkjQ==",
      "dev": true
    },
    "node_modules/update-browserslist-db": {
      "version": "1.0.10",
      "resolved": "https://registry.npmjs.org/update-browserslist-db/-/update-browserslist-db-1.0.10.tgz",
      "integrity": "sha512-OztqDenkfFkbSG+tRxBeAnCVPckDBcvibKd35yDONx6OU8N7sqgwc7rCbkJ/WcYtVRZ4ba68d6byhC21GFh7sQ==",
      "dev": true,
      "funding": [
        {
          "type": "opencollective",
          "url": "https://opencollective.com/browserslist"
        },
        {
          "type": "tidelift",
          "url": "https://tidelift.com/funding/github/npm/browserslist"
        }
      ],
      "dependencies": {
        "escalade": "^3.1.1",
        "picocolors": "^1.0.0"
      },
      "bin": {
        "browserslist-lint": "cli.js"
      },
      "peerDependencies": {
        "browserslist": ">= 4.21.0"
      }
    },
    "node_modules/vue-i18n": {
      "version": "8.20.0",
      "resolved": "https://registry.npmjs.org/vue-i18n/-/vue-i18n-8.20.0.tgz",
      "integrity": "sha512-ZiAOoeR4d/JtKpbjipx3I80ey7cYG1ki5gQ7HwzWm4YFio9brA15BEYHjalEoBaEfzF5OBEZP+Y2MvAaWnyXXg=="
    }
  },
  "dependencies": {
    "browserslist": {
      "version": "4.21.5",
      "resolved": "https://registry.npmjs.org/browserslist/-/browserslist-4.21.5.tgz",
      "integrity": "sha512-tUkiguQGW7S3IhB7N+c2MV/HZPSCPAAiYBZXLsBhFB/PCy6ZKKsZrmBayHV9fdGV/ARIfJ14NkxKzRDjvp7L6w==",
      "dev": true,
      "requires": {
        "caniuse-lite": "^1.0.30001449",
        "electron-to-chromium": "^1.4.284",
        "node-releases": "^2.0.8",
        "update-browserslist-db": "^1.0.10"
      }
    },
    "caniuse-lite": {
      "version": "1.0.30001466",
      "resolved": "https://registry.npmjs.org/caniuse-lite/-/caniuse-lite-1.0.30001466.tgz",
      "integrity": "sha512-ewtFBSfWjEmxUgNBSZItFSmVtvk9zkwkl1OfRZlKA8slltRN+/C/tuGVrF9styXkN36Yu3+SeJ1qkXxDEyNZ5w==",
      "dev": true
    },
    "electron-to-chromium": {
      "version": "1.4.328",
      "resolved": "https://registry.npmjs.org/electron-to-chromium/-/electron-to-chromium-1.4.328.tgz",
      "integrity": "sha512-DE9tTy2PNmy1v55AZAO542ui+MLC2cvINMK4P2LXGsJdput/ThVG9t+QGecPuAZZSgC8XoI+Jh9M1OG9IoNSCw==",
      "dev": true
    },
    "escalade": {
      "version": "3.1.1",
      "resolved": "https://registry.npmjs.org/escalade/-/escalade-3.1.1.tgz",
      "integrity": "sha512-k0er2gUkLf8O0zKJiAhmkTnJlTvINGv7ygDNPbeIsX/TJjGJZHuh9B2UxbsaEkmlEo9MfhrSzmhIlhRlI2GXnw==",
      "dev": true
    },
    "klinecharts": {
      "version": "8.6.3",
      "resolved": "https://registry.npmjs.org/klinecharts/-/klinecharts-8.6.3.tgz",
      "integrity": "sha512-hGDtWiMNywEDneZFmt+vZ6tOYutCDWV5FPBcXcn7L8kGwe73Q5yJayk8UzP9pIQSBWyxswWIySKh/BVFA6GhuQ=="
    },
    "node-releases": {
      "version": "2.0.10",
      "resolved": "https://registry.npmjs.org/node-releases/-/node-releases-2.0.10.tgz",
      "integrity": "sha512-5GFldHPXVG/YZmFzJvKK2zDSzPKhEp0+ZR5SVaoSag9fsL5YgHbUHDfnG5494ISANDcK4KwPXAx2xqVEydmd7w==",
      "dev": true
    },
    "picocolors": {
      "version": "1.0.0",
      "resolved": "https://registry.npmjs.org/picocolors/-/picocolors-1.0.0.tgz",
      "integrity": "sha512-1fygroTLlHu66zi26VoTDv8yRgm0Fccecssto+MhsZ0D/DGW2sm8E8AjW7NU5VVTRt5GxbeZ5qBuJr+HyLYkjQ==",
      "dev": true
    },
    "update-browserslist-db": {
      "version": "1.0.10",
      "resolved": "https://registry.npmjs.org/update-browserslist-db/-/update-browserslist-db-1.0.10.tgz",
      "integrity": "sha512-OztqDenkfFkbSG+tRxBeAnCVPckDBcvibKd35yDONx6OU8N7sqgwc7rCbkJ/WcYtVRZ4ba68d6byhC21GFh7sQ==",
      "dev": true,
      "requires": {
        "escalade": "^3.1.1",
        "picocolors": "^1.0.0"
      }
    },
    "vue-i18n": {
      "version": "8.20.0",
      "resolved": "https://registry.npmjs.org/vue-i18n/-/vue-i18n-8.20.0.tgz",
      "integrity": "sha512-ZiAOoeR4d/JtKpbjipx3I80ey7cYG1ki5gQ7HwzWm4YFio9brA15BEYHjalEoBaEfzF5OBEZP+Y2MvAaWnyXXg=="
    }
  }
}
